// !$*UTF8*$!
{
	archiveVersion = 1;
	classes = {
	};
	objectVersion = 46;
	objects = {

/* Begin PBXBuildFile section */
		81DE0F911B22331F000966B4 /* AppDelegate.swift in Sources */ = {isa = PBXBuildFile; fileRef = 81DE0F901B22331F000966B4 /* AppDelegate.swift */; };
		81DE0F931B22331F000966B4 /* ViewController.swift in Sources */ = {isa = PBXBuildFile; fileRef = 81DE0F921B22331F000966B4 /* ViewController.swift */; };
		81DE0F961B22331F000966B4 /* Main.storyboard in Resources */ = {isa = PBXBuildFile; fileRef = 81DE0F941B22331F000966B4 /* Main.storyboard */; };
		81DE0F981B22331F000966B4 /* Images.xcassets in Resources */ = {isa = PBXBuildFile; fileRef = 81DE0F971B22331F000966B4 /* Images.xcassets */; };
		81DE0F9B1B22331F000966B4 /* LaunchScreen.xib in Resources */ = {isa = PBXBuildFile; fileRef = 81DE0F991B22331F000966B4 /* LaunchScreen.xib */; };
		81DE0FA71B22331F000966B4 /* ToDoListTests.swift in Sources */ = {isa = PBXBuildFile; fileRef = 81DE0FA61B22331F000966B4 /* ToDoListTests.swift */; };
/* End PBXBuildFile section */

/* Begin PBXContainerItemProxy section */
		81DE0FA11B22331F000966B4 /* PBXContainerItemProxy */ = {
			isa = PBXContainerItemProxy;
			containerPortal = 81DE0F831B22331F000966B4 /* Project object */;
			proxyType = 1;
			remoteGlobalIDString = 81DE0F8A1B22331F000966B4;
			remoteInfo = ToDoList;
		};
/* End PBXContainerItemProxy section */

/* Begin PBXFileReference section */
		81DE0F8B1B22331F000966B4 /* ToDoList.app */ = {isa = PBXFileReference; explicitFileType = wrapper.application; includeInIndex = 0; path = ToDoList.app; sourceTree = BUILT_PRODUCTS_DIR; };
		81DE0F8F1B22331F000966B4 /* Info.plist */ = {isa = PBXFileReference; lastKnownFileType = text.plist.xml; path = Info.plist; sourceTree = "<group>"; };
		81DE0F901B22331F000966B4 /* AppDelegate.swift */ = {isa = PBXFileReference; lastKnownFileType = sourcecode.swift; path = AppDelegate.swift; sourceTree = "<group>"; };
		81DE0F921B22331F000966B4 /* ViewController.swift */ = {isa = PBXFileReference; lastKnownFileType = sourcecode.swift; path = ViewController.swift; sourceTree = "<group>"; };
		81DE0F951B22331F000966B4 /* Base */ = {isa = PBXFileReference; lastKnownFileType = file.storyboard; name = Base; path = Base.lproj/Main.storyboard; sourceTree = "<group>"; };
		81DE0F971B22331F000966B4 /* Images.xcassets */ = {isa = PBXFileReference; lastKnownFileType = folder.assetcatalog; path = Images.xcassets; sourceTree = "<group>"; };
		81DE0F9A1B22331F000966B4 /* Base */ = {isa = PBXFileReference; lastKnownFileType = file.xib; name = Base; path = Base.lproj/LaunchScreen.xib; sourceTree = "<group>"; };
		81DE0FA01B22331F000966B4 /* ToDoListTests.xctest */ = {isa = PBXFileReference; explicitFileType = wrapper.cfbundle; includeInIndex = 0; path = ToDoListTests.xctest; sourceTree = BUILT_PRODUCTS_DIR; };
		81DE0FA51B22331F000966B4 /* Info.plist */ = {isa = PBXFileReference; lastKnownFileType = text.plist.xml; path = Info.plist; sourceTree = "<group>"; };
		81DE0FA61B22331F000966B4 /* ToDoListTests.swift */ = {isa = PBXFileReference; lastKnownFileType = sourcecode.swift; path = ToDoListTests.swift; sourceTree = "<group>"; };
/* End PBXFileReference section */

/* Begin PBXFrameworksBuildPhase section */
		81DE0F881B22331F000966B4 /* Frameworks */ = {
			isa = PBXFrameworksBuildPhase;
			buildActionMask = 2147483647;
			files = (
			);
			runOnlyForDeploymentPostprocessing = 0;
		};
		81DE0F9D1B22331F000966B4 /* Frameworks */ = {
			isa = PBXFrameworksBuildPhase;
			buildActionMask = 2147483647;
			files = (
			);
			runOnlyForDeploymentPostprocessing = 0;
		};
/* End PBXFrameworksBuildPhase section */

/* Begin PBXGroup section */
		81DE0F821B22331F000966B4 = {
			isa = PBXGroup;
			children = (
				81DE0F8D1B22331F000966B4 /* ToDoList */,
				81DE0FA31B22331F000966B4 /* ToDoListTests */,
				81DE0F8C1B22331F000966B4 /* Products */,
			);
			sourceTree = "<group>";
		};
		81DE0F8C1B22331F000966B4 /* Products */ = {
			isa = PBXGroup;
			children = (
				81DE0F8B1B22331F000966B4 /* ToDoList.app */,
				81DE0FA01B22331F000966B4 /* ToDoListTests.xctest */,
			);
			name = Products;
			sourceTree = "<group>";
		};
		81DE0F8D1B22331F000966B4 /* ToDoList */ = {
			isa = PBXGroup;
			children = (
				81DE0F901B22331F000966B4 /* AppDelegate.swift */,
				81DE0F921B22331F000966B4 /* ViewController.swift */,
				81DE0F941B22331F000966B4 /* Main.storyboard */,
				81DE0F971B22331F000966B4 /* Images.xcassets */,
				81DE0F991B22331F000966B4 /* LaunchScreen.xib */,
				81DE0F8E1B22331F000966B4 /* Supporting Files */,
			);
			path = ToDoList;
			sourceTree = "<group>";
		};
		81DE0F8E1B22331F000966B4 /* Supporting Files */ = {
			isa = PBXGroup;
			children = (
				81DE0F8F1B22331F000966B4 /* Info.plist */,
			);
			name = "Supporting Files";
			sourceTree = "<group>";
		};
		81DE0FA31B22331F000966B4 /* ToDoListTests */ = {
			isa = PBXGroup;
			children = (
				81DE0FA61B22331F000966B4 /* ToDoListTests.swift */,
				81DE0FA41B22331F000966B4 /* Supporting Files */,
			);
			path = ToDoListTests;
			sourceTree = "<group>";
		};
		81DE0FA41B22331F000966B4 /* Supporting Files */ = {
			isa = PBXGroup;
			children = (
				81DE0FA51B22331F000966B4 /* Info.plist */,
			);
			name = "Supporting Files";
			sourceTree = "<group>";
		};
/* End PBXGroup section */

/* Begin PBXNativeTarget section */
		81DE0F8A1B22331F000966B4 /* ToDoList */ = {
			isa = PBXNativeTarget;
			buildConfigurationList = 81DE0FAA1B22331F000966B4 /* Build configuration list for PBXNativeTarget "ToDoList" */;
			buildPhases = (
				81DE0F871B22331F000966B4 /* Sources */,
				81DE0F881B22331F000966B4 /* Frameworks */,
				81DE0F891B22331F000966B4 /* Resources */,
			);
			buildRules = (
			);
			dependencies = (
			);
			name = ToDoList;
			productName = ToDoList;
			productReference = 81DE0F8B1B22331F000966B4 /* ToDoList.app */;
			productType = "com.apple.product-type.application";
		};
		81DE0F9F1B22331F000966B4 /* ToDoListTests */ = {
			isa = PBXNativeTarget;
			buildConfigurationList = 81DE0FAD1B22331F000966B4 /* Build configuration list for PBXNativeTarget "ToDoListTests" */;
			buildPhases = (
				81DE0F9C1B22331F000966B4 /* Sources */,
				81DE0F9D1B22331F000966B4 /* Frameworks */,
				81DE0F9E1B22331F000966B4 /* Resources */,
			);
			buildRules = (
			);
			dependencies = (
				81DE0FA21B22331F000966B4 /* PBXTargetDependency */,
			);
			name = ToDoListTests;
			productName = ToDoListTests;
			productReference = 81DE0FA01B22331F000966B4 /* ToDoListTests.xctest */;
			productType = "com.apple.product-type.bundle.unit-test";
		};
/* End PBXNativeTarget section */

/* Begin PBXProject section */
		81DE0F831B22331F000966B4 /* Project object */ = {
			isa = PBXProject;
			attributes = {
				LastUpgradeCheck = 0630;
				ORGANIZATIONNAME = "Pranav Gore";
				TargetAttributes = {
					81DE0F8A1B22331F000966B4 = {
						CreatedOnToolsVersion = 6.3.1;
					};
					81DE0F9F1B22331F000966B4 = {
						CreatedOnToolsVersion = 6.3.1;
						TestTargetID = 81DE0F8A1B22331F000966B4;
					};
				};
			};
			buildConfigurationList = 81DE0F861B22331F000966B4 /* Build configuration list for PBXProject "ToDoList" */;
			compatibilityVersion = "Xcode 3.2";
			developmentRegion = English;
			hasScannedForEncodings = 0;
			knownRegions = (
				en,
				Base,
			);
			mainGroup = 81DE0F821B22331F000966B4;
			productRefGroup = 81DE0F8C1B22331F000966B4 /* Products */;
			projectDirPath = "";
			projectRoot = "";
			targets = (
				81DE0F8A1B22331F000966B4 /* ToDoList */,
				81DE0F9F1B22331F000966B4 /* ToDoListTests */,
			);
		};
/* End PBXProject section */

/* Begin PBXResourcesBuildPhase section */
		81DE0F891B22331F000966B4 /* Resources */ = {
			isa = PBXResourcesBuildPhase;
			buildActionMask = 2147483647;
			files = (
				81DE0F961B22331F000966B4 /* Main.storyboard in Resources */,
				81DE0F9B1B22331F000966B4 /* LaunchScreen.xib in Resources */,
				81DE0F981B22331F000966B4 /* Images.xcassets in Resources */,
			);
			runOnlyForDeploymentPostprocessing = 0;
		};
		81DE0F9E1B22331F000966B4 /* Resources */ = {
			isa = PBXResourcesBuildPhase;
			buildActionMask = 2147483647;
			files = (
			);
			runOnlyForDeploymentPostprocessing = 0;
		};
/* End PBXResourcesBuildPhase section */

/* Begin PBXSourcesBuildPhase section */
		81DE0F871B22331F000966B4 /* Sources */ = {
			isa = PBXSourcesBuildPhase;
			buildActionMask = 2147483647;
			files = (
				81DE0F931B22331F000966B4 /* ViewController.swift in Sources */,
				81DE0F911B22331F000966B4 /* AppDelegate.swift in Sources */,
			);
			runOnlyForDeploymentPostprocessing = 0;
		};
		81DE0F9C1B22331F000966B4 /* Sources */ = {
			isa = PBXSourcesBuildPhase;
			buildActionMask = 2147483647;
			files = (
				81DE0FA71B22331F000966B4 /* ToDoListTests.swift in Sources */,
			);
			runOnlyForDeploymentPostprocessing = 0;
		};
/* End PBXSourcesBuildPhase section */

/* Begin PBXTargetDependency section */
		81DE0FA21B22331F000966B4 /* PBXTargetDependency */ = {
			isa = PBXTargetDependency;
			target = 81DE0F8A1B22331F000966B4 /* ToDoList */;
			targetProxy = 81DE0FA11B22331F000966B4 /* PBXContainerItemProxy */;
		};
/* End PBXTargetDependency section */

/* Begin PBXVariantGroup section */
		81DE0F941B22331F000966B4 /* Main.storyboard */ = {
			isa = PBXVariantGroup;
			children = (
				81DE0F951B22331F000966B4 /* Base */,
			);
			name = Main.storyboard;
			sourceTree = "<group>";
		};
		81DE0F991B22331F000966B4 /* LaunchScreen.xib */ = {
			isa = PBXVariantGroup;
			children = (
				81DE0F9A1B22331F000966B4 /* Base */,
			);
			name = LaunchScreen.xib;
			sourceTree = "<group>";
		};
/* End PBXVariantGroup section */

/* Begin XCBuildConfiguration section */
		81DE0FA81B22331F000966B4 /* Debug */ = {
			isa = XCBuildConfiguration;
			buildSettings = {
				ALWAYS_SEARCH_USER_PATHS = NO;
				CLANG_CXX_LANGUAGE_STANDARD = "gnu++0x";
				CLANG_CXX_LIBRARY = "libc++";
				CLANG_ENABLE_MODULES = YES;
				CLANG_ENABLE_OBJC_ARC = YES;
				CLANG_WARN_BOOL_CONVERSION = YES;
				CLANG_WARN_CONSTANT_CONVERSION = YES;
				CLANG_WARN_DIRECT_OBJC_ISA_USAGE = YES_ERROR;
				CLANG_WARN_EMPTY_BODY = YES;
				CLANG_WARN_ENUM_CONVERSION = YES;
				CLANG_WARN_INT_CONVERSION = YES;
				CLANG_WARN_OBJC_ROOT_CLASS = YES_ERROR;
				CLANG_WARN_UNREACHABLE_CODE = YES;
				CLANG_WARN__DUPLICATE_METHOD_MATCH = YES;
				"CODE_SIGN_IDENTITY[sdk=iphoneos*]" = "iPhone Developer";
				COPY_PHASE_STRIP = NO;
				DEBUG_INFORMATION_FORMAT = "dwarf-with-dsym";
				ENABLE_STRICT_OBJC_MSGSEND = YES;
				GCC_C_LANGUAGE_STANDARD = gnu99;
				GCC_DYNAMIC_NO_PIC = NO;
				GCC_NO_COMMON_BLOCKS = YES;
				GCC_OPTIMIZATION_LEVEL = 0;
				GCC_PREPROCESSOR_DEFINITIONS = (
					"DEBUG=1",
					"$(inherited)",
				);
				GCC_SYMBOLS_PRIVATE_EXTERN = NO;
				GCC_WARN_64_TO_32_BIT_CONVERSION = YES;
				GCC_WARN_ABOUT_RETURN_TYPE = YES_ERROR;
				GCC_WARN_UNDECLARED_SELECTOR = YES;
				GCC_WARN_UNINITIALIZED_AUTOS = YES_AGGRESSIVE;
				GCC_WARN_UNUSED_FUNCTION = YES;
				GCC_WARN_UNUSED_VARIABLE = YES;
				IPHONEOS_DEPLOYMENT_TARGET = 8.3;
				MTL_ENABLE_DEBUG_INFO = YES;
				ONLY_ACTIVE_ARCH = YES;
				SDKROOT = iphoneos;
				SWIFT_OPTIMIZATION_LEVEL = "-Onone";
			};
			name = Debug;
		};
		81DE0FA91B22331F000966B4 /* Release */ = {
			isa = XCBuildConfiguration;
			buildSettings = {
				ALWAYS_SEARCH_USER_PATHS = NO;
				CLANG_CXX_LANGUAGE_STANDARD = "gnu++0x";
				CLANG_CXX_LIBRARY = "libc++";
				CLANG_ENABLE_MODULES = YES;
				CLANG_ENABLE_OBJC_ARC = YES;
				CLANG_WARN_BOOL_CONVERSION = YES;
				CLANG_WARN_CONSTANT_CONVERSION = YES;
				CLANG_WARN_DIRECT_OBJC_ISA_USAGE = YES_ERROR;
				CLANG_WARN_EMPTY_BODY = YES;
				CLANG_WARN_ENUM_CONVERSION = YES;
				CLANG_WARN_INT_CONVERSION = YES;
				CLANG_WARN_OBJC_ROOT_CLASS = YES_ERROR;
				CLANG_WARN_UNREACHABLE_CODE = YES;
				CLANG_WARN__DUPLICATE_METHOD_MATCH = YES;
				"CODE_SIGN_IDENTITY[sdk=iphoneos*]" = "iPhone Developer";
				COPY_PHASE_STRIP = NO;
				DEBUG_INFORMATION_FORMAT = "dwarf-with-dsym";
				ENABLE_NS_ASSERTIONS = NO;
				ENABLE_STRICT_OBJC_MSGSEND = YES;
				GCC_C_LANGUAGE_STANDARD = gnu99;
				GCC_NO_COMMON_BLOCKS = YES;
				GCC_WARN_64_TO_32_BIT_CONVERSION = YES;
				GCC_WARN_ABOUT_RETURN_TYPE = YES_ERROR;
				GCC_WARN_UNDECLARED_SELECTOR = YES;
				GCC_WARN_UNINITIALIZED_AUTOS = YES_AGGRESSIVE;
				GCC_WARN_UNUSED_FUNCTION = YES;
				GCC_WARN_UNUSED_VARIABLE = YES;
				IPHONEOS_DEPLOYMENT_TARGET = 8.3;
				MTL_ENABLE_DEBUG_INFO = NO;
				SDKROOT = iphoneos;
				VALIDATE_PRODUCT = YES;
			};
			name = Release;
		};
		81DE0FAB1B22331F000966B4 /* Debug */ = {
			isa = XCBuildConfiguration;
			buildSettings = {
				ASSETCATALOG_COMPILER_APPICON_NAME = AppIcon;
				INFOPLIST_FILE = ToDoList/Info.plist;
				LD_RUNPATH_SEARCH_PATHS = "$(inherited) @executable_path/Frameworks";
				PRODUCT_NAME = "$(TARGET_NAME)";
			};
			name = Debug;
		};
		81DE0FAC1B22331F000966B4 /* Release */ = {
			isa = XCBuildConfiguration;
			buildSettings = {
				ASSETCATALOG_COMPILER_APPICON_NAME = AppIcon;
				INFOPLIST_FILE = ToDoList/Info.plist;
				LD_RUNPATH_SEARCH_PATHS = "$(inherited) @executable_path/Frameworks";
				PRODUCT_NAME = "$(TARGET_NAME)";
			};
			name = Release;
		};
		81DE0FAE1B22331F000966B4 /* Debug */ = {
			isa = XCBuildConfiguration;
			buildSettings = {
				BUNDLE_LOADER = "$(TEST_HOST)";
				FRAMEWORK_SEARCH_PATHS = (
					"$(SDKROOT)/Developer/Library/Frameworks",
					"$(inherited)",
				);
				GCC_PREPROCESSOR_DEFINITIONS = (
					"DEBUG=1",
					"$(inherited)",
				);
				INFOPLIST_FILE = ToDoListTests/Info.plist;
				LD_RUNPATH_SEARCH_PATHS = "$(inherited) @executable_path/Frameworks @loader_path/Frameworks";
				PRODUCT_NAME = "$(TARGET_NAME)";
				TEST_HOST = "$(BUILT_PRODUCTS_DIR)/ToDoList.app/ToDoList";
			};
			name = Debug;
		};
		81DE0FAF1B22331F000966B4 /* Release */ = {
			isa = XCBuildConfiguration;
			buildSettings = {
				BUNDLE_LOADER = "$(TEST_HOST)";
				FRAMEWORK_SEARCH_PATHS = (
					"$(SDKROOT)/Developer/Library/Frameworks",
					"$(inherited)",
				);
				INFOPLIST_FILE = ToDoListTests/Info.plist;
				LD_RUNPATH_SEARCH_PATHS = "$(inherited) @executable_path/Frameworks @loader_path/Frameworks";
				PRODUCT_NAME = "$(TARGET_NAME)";
				TEST_HOST = "$(BUILT_PRODUCTS_DIR)/ToDoList.app/ToDoList";
			};
			name = Release;
		};
/* End XCBuildConfiguration section */

/* Begin XCConfigurationList section */
		81DE0F861B22331F000966B4 /* Build configuration list for PBXProject "ToDoList" */ = {
			isa = XCConfigurationList;
			buildConfigurations = (
				81DE0FA81B22331F000966B4 /* Debug */,
				81DE0FA91B22331F000966B4 /* Release */,
			);
			defaultConfigurationIsVisible = 0;
			defaultConfigurationName = Release;
		};
		81DE0FAA1B22331F000966B4 /* Build configuration list for PBXNativeTarget "ToDoList" */ = {
			isa = XCConfigurationList;
			buildConfigurations = (
				81DE0FAB1B22331F000966B4 /* Debug */,
				81DE0FAC1B22331F000966B4 /* Release */,
			);
			defaultConfigurationIsVisible = 0;
		};
		81DE0FAD1B22331F000966B4 /* Build configuration list for PBXNativeTarget "ToDoListTests" */ = {
			isa = XCConfigurationList;
			buildConfigurations = (
				81DE0FAE1B22331F000966B4 /* Debug */,
				81DE0FAF1B22331F000966B4 /* Release */,
			);
			defaultConfigurationIsVisible = 0;
		};
/* End XCConfigurationList section */
	};
	rootObject = 81DE0F831B22331F000966B4 /* Project object */;
}
